{
  "name": "getting-started",
  "version": "1.0.0",
  "lockfileVersion": 3,
  "requires": true,
  "packages": {
    "": {
      "name": "getting-started",
      "version": "1.0.0",
      "license": "ISC",
      "dependencies": {
        "date-fns": "^3.3.1",
        "faker": "^5.5.3",
        "fast-csv": "^5.0.0",
        "playwright": "^1.41.1"
      },
      "devDependencies": {
        "@playwright/test": "^1.41.1",
        "@types/node": "^20.10.6"
      }
    },
    "node_modules/@fast-csv/format": {
      "version": "5.0.0",
      "resolved": "https://registry.npmjs.org/@fast-csv/format/-/format-5.0.0.tgz",
      "integrity": "sha512-IyMpHwYIOGa2f0BJi6Wk55UF0oBA5urdIydoEDYxPo88LFbeb3Yr4rgpu98OAO1glUWheSnNtUgS80LE+/dqmw==",
      "dependencies": {
        "lodash.escaperegexp": "^4.1.2",
        "lodash.isboolean": "^3.0.3",
        "lodash.isequal": "^4.5.0",
        "lodash.isfunction": "^3.0.9",
        "lodash.isnil": "^4.0.0"
      }
    },
    "node_modules/@fast-csv/parse": {
      "version": "5.0.0",
      "resolved": "https://registry.npmjs.org/@fast-csv/parse/-/parse-5.0.0.tgz",
      "integrity": "sha512-ecF8tCm3jVxeRjEB6VPzmA+1wGaJ5JgaUX2uesOXdXD6qQp0B3EdshOIed4yT1Xlj/F2f8v4zHSo0Oi31L697g==",
      "dependencies": {
        "lodash.escaperegexp": "^4.1.2",
        "lodash.groupby": "^4.6.0",
        "lodash.isfunction": "^3.0.9",
        "lodash.isnil": "^4.0.0",
        "lodash.isundefined": "^3.0.1",
        "lodash.uniq": "^4.5.0"
      }
    },
    "node_modules/@playwright/test": {
      "version": "1.41.1",
      "resolved": "https://registry.npmjs.org/@playwright/test/-/test-1.41.1.tgz",
      "integrity": "sha512-9g8EWTjiQ9yFBXc6HjCWe41msLpxEX0KhmfmPl9RPLJdfzL4F0lg2BdJ91O9azFdl11y1pmpwdjBiSxvqc+btw==",
      "dev": true,
      "dependencies": {
        "playwright": "1.41.1"
      },
      "bin": {
        "playwright": "cli.js"
      },
      "engines": {
        "node": ">=16"
      }
    },
    "node_modules/@types/node": {
      "version": "20.10.6",
      "resolved": "https://registry.npmjs.org/@types/node/-/node-20.10.6.tgz",
      "integrity": "sha512-Vac8H+NlRNNlAmDfGUP7b5h/KA+AtWIzuXy0E6OyP8f1tCLYAtPvKRRDJjAPqhpCb0t6U2j7/xqAuLEebW2kiw==",
      "dev": true,
      "dependencies": {
        "undici-types": "~5.26.4"
      }
    },
    "node_modules/date-fns": {
      "version": "3.3.1",
      "resolved": "https://registry.npmjs.org/date-fns/-/date-fns-3.3.1.tgz",
      "integrity": "sha512-y8e109LYGgoQDveiEBD3DYXKba1jWf5BA8YU1FL5Tvm0BTdEfy54WLCwnuYWZNnzzvALy/QQ4Hov+Q9RVRv+Zw==",
      "funding": {
        "type": "github",
        "url": "https://github.com/sponsors/kossnocorp"
      }
    },
    "node_modules/faker": {
      "version": "5.5.3",
      "resolved": "https://registry.npmjs.org/faker/-/faker-5.5.3.tgz",
      "integrity": "sha512-wLTv2a28wjUyWkbnX7u/ABZBkUkIF2fCd73V6P2oFqEGEktDfzWx4UxrSqtPRw0xPRAcjeAOIiJWqZm3pP4u3g=="
    },
    "node_modules/fast-csv": {
      "version": "5.0.0",
      "resolved": "https://registry.npmjs.org/fast-csv/-/fast-csv-5.0.0.tgz",
      "integrity": "sha512-CEwsCv2W+0AvlZRfS4rpagcP2gpMbMjbkFOn9SZ5T6F8gvl040fwPf7/8Rx9/Pxz3NQWbHYOsRFhK/MH/xjaaQ==",
      "dependencies": {
        "@fast-csv/format": "5.0.0",
        "@fast-csv/parse": "5.0.0"
      },
      "engines": {
        "node": ">=10.0.0"
      }
    },
    "node_modules/fsevents": {
      "version": "2.3.2",
      "resolved": "https://registry.npmjs.org/fsevents/-/fsevents-2.3.2.tgz",
      "integrity": "sha512-xiqMQR4xAeHTuB9uWm+fFRcIOgKBMiOBP+eXiyT7jsgVCq1bkVygt00oASowB7EdtpOHaaPgKt812P9ab+DDKA==",
      "hasInstallScript": true,
      "optional": true,
      "os": [
        "darwin"
      ],
      "engines": {
        "node": "^8.16.0 || ^10.6.0 || >=11.0.0"
      }
    },
    "node_modules/lodash.escaperegexp": {
      "version": "4.1.2",
      "resolved": "https://registry.npmjs.org/lodash.escaperegexp/-/lodash.escaperegexp-4.1.2.tgz",
      "integrity": "sha512-TM9YBvyC84ZxE3rgfefxUWiQKLilstD6k7PTGt6wfbtXF8ixIJLOL3VYyV/z+ZiPLsVxAsKAFVwWlWeb2Y8Yyw=="
    },
    "node_modules/lodash.groupby": {
      "version": "4.6.0",
      "resolved": "https://registry.npmjs.org/lodash.groupby/-/lodash.groupby-4.6.0.tgz",
      "integrity": "sha512-5dcWxm23+VAoz+awKmBaiBvzox8+RqMgFhi7UvX9DHZr2HdxHXM/Wrf8cfKpsW37RNrvtPn6hSwNqurSILbmJw=="
    },
    "node_modules/lodash.isboolean": {
      "version": "3.0.3",
      "resolved": "https://registry.npmjs.org/lodash.isboolean/-/lodash.isboolean-3.0.3.tgz",
      "integrity": "sha512-Bz5mupy2SVbPHURB98VAcw+aHh4vRV5IPNhILUCsOzRmsTmSQ17jIuqopAentWoehktxGd9e/hbIXq980/1QJg=="
    },
    "node_modules/lodash.isequal": {
      "version": "4.5.0",
      "resolved": "https://registry.npmjs.org/lodash.isequal/-/lodash.isequal-4.5.0.tgz",
      "integrity": "sha512-pDo3lu8Jhfjqls6GkMgpahsF9kCyayhgykjyLMNFTKWrpVdAQtYyB4muAMWozBB4ig/dtWAmsMxLEI8wuz+DYQ=="
    },
    "node_modules/lodash.isfunction": {
      "version": "3.0.9",
      "resolved": "https://registry.npmjs.org/lodash.isfunction/-/lodash.isfunction-3.0.9.tgz",
      "integrity": "sha512-AirXNj15uRIMMPihnkInB4i3NHeb4iBtNg9WRWuK2o31S+ePwwNmDPaTL3o7dTJ+VXNZim7rFs4rxN4YU1oUJw=="
    },
    "node_modules/lodash.isnil": {
      "version": "4.0.0",
      "resolved": "https://registry.npmjs.org/lodash.isnil/-/lodash.isnil-4.0.0.tgz",
      "integrity": "sha512-up2Mzq3545mwVnMhTDMdfoG1OurpA/s5t88JmQX809eH3C8491iu2sfKhTfhQtKY78oPNhiaHJUpT/dUDAAtng=="
    },
    "node_modules/lodash.isundefined": {
      "version": "3.0.1",
      "resolved": "https://registry.npmjs.org/lodash.isundefined/-/lodash.isundefined-3.0.1.tgz",
      "integrity": "sha512-MXB1is3s899/cD8jheYYE2V9qTHwKvt+npCwpD+1Sxm3Q3cECXCiYHjeHWXNwr6Q0SOBPrYUDxendrO6goVTEA=="
    },
    "node_modules/lodash.uniq": {
      "version": "4.5.0",
      "resolved": "https://registry.npmjs.org/lodash.uniq/-/lodash.uniq-4.5.0.tgz",
      "integrity": "sha512-xfBaXQd9ryd9dlSDvnvI0lvxfLJlYAZzXomUYzLKtUeOQvOP5piqAWuGtrhWeqaXK9hhoM/iyJc5AV+XfsX3HQ=="
    },
    "node_modules/playwright": {
      "version": "1.41.1",
      "resolved": "https://registry.npmjs.org/playwright/-/playwright-1.41.1.tgz",
      "integrity": "sha512-gdZAWG97oUnbBdRL3GuBvX3nDDmUOuqzV/D24dytqlKt+eI5KbwusluZRGljx1YoJKZ2NRPaeWiFTeGZO7SosQ==",
      "dependencies": {
        "playwright-core": "1.41.1"
      },
      "bin": {
        "playwright": "cli.js"
      },
      "engines": {
        "node": ">=16"
      },
      "optionalDependencies": {
        "fsevents": "2.3.2"
      }
    },
    "node_modules/playwright-core": {
      "version": "1.41.1",
      "resolved": "https://registry.npmjs.org/playwright-core/-/playwright-core-1.41.1.tgz",
      "integrity": "sha512-/KPO5DzXSMlxSX77wy+HihKGOunh3hqndhqeo/nMxfigiKzogn8kfL0ZBDu0L1RKgan5XHCPmn6zXd2NUJgjhg==",
      "bin": {
        "playwright-core": "cli.js"
      },
      "engines": {
        "node": ">=16"
      }
    },
    "node_modules/undici-types": {
      "version": "5.26.5",
      "resolved": "https://registry.npmjs.org/undici-types/-/undici-types-5.26.5.tgz",
      "integrity": "sha512-JlCMO+ehdEIKqlFxk6IfVoAUVmgz7cU7zD/h9XZ0qzeosSHmUJVOzSQvvYSYWXkFXC+IfLKSIffhv0sVZup6pA==",
      "dev": true
    }
  }
}
